// !$*UTF8*$!
{
	archiveVersion = 1;
	classes = {
	};
	objectVersion = 51;
	objects = {

/* Begin PBXBuildFile section */
		4507FFD725809C780066CEDF /* TagCollectionViewCell.swift in Sources */ = {isa = PBXBuildFile; fileRef = 4507FFD625809C780066CEDF /* TagCollectionViewCell.swift */; };
		4507FFDA2580E3200066CEDF /* TeamManberTableViewCell.swift in Sources */ = {isa = PBXBuildFile; fileRef = 4507FFD92580E3200066CEDF /* TeamManberTableViewCell.swift */; };
		4519F22A258B6E5100425218 /* FirebaseStorageManager.swift in Sources */ = {isa = PBXBuildFile; fileRef = 4519F229258B6E5000425218 /* FirebaseStorageManager.swift */; };
		4524B57D2570EAFB00BDE238 /* DetailViewController.swift in Sources */ = {isa = PBXBuildFile; fileRef = 4524B57C2570EAFB00BDE238 /* DetailViewController.swift */; };
		4524B5952570F6E400BDE238 /* TitleTableViewCell.swift in Sources */ = {isa = PBXBuildFile; fileRef = 4524B5942570F6E400BDE238 /* TitleTableViewCell.swift */; };
		4524B5982570F77100BDE238 /* ImageTableViewCell.swift in Sources */ = {isa = PBXBuildFile; fileRef = 4524B5972570F77100BDE238 /* ImageTableViewCell.swift */; };
		452D7F8F25870902005742A6 /* TeamCollectionViewCell.swift in Sources */ = {isa = PBXBuildFile; fileRef = 452D7F8E25870902005742A6 /* TeamCollectionViewCell.swift */; };
		452D7F93258732C8005742A6 /* Assets.xcassets in Resources */ = {isa = PBXBuildFile; fileRef = 452D7F92258732C7005742A6 /* Assets.xcassets */; };
		452D7F9625874393005742A6 /* TeamDetailViewController.swift in Sources */ = {isa = PBXBuildFile; fileRef = 452D7F9525874393005742A6 /* TeamDetailViewController.swift */; };
		452D7F9925875DD6005742A6 /* CreateTeamViewController.swift in Sources */ = {isa = PBXBuildFile; fileRef = 452D7F9825875DD6005742A6 /* CreateTeamViewController.swift */; };
		456463C92574911700FB0A9E /* InProfileViewController.swift in Sources */ = {isa = PBXBuildFile; fileRef = 456463C82574911700FB0A9E /* InProfileViewController.swift */; };
		456463D12574DF0E00FB0A9E /* TeamViewController.swift in Sources */ = {isa = PBXBuildFile; fileRef = 456463D02574DF0E00FB0A9E /* TeamViewController.swift */; };
		456463DA2574E24300FB0A9E /* TeamTitleTableViewCell.swift in Sources */ = {isa = PBXBuildFile; fileRef = 456463D92574E24300FB0A9E /* TeamTitleTableViewCell.swift */; };
		456463E12574E8C800FB0A9E /* UpperLayerImageTableViewCell.swift in Sources */ = {isa = PBXBuildFile; fileRef = 456463E02574E8C800FB0A9E /* UpperLayerImageTableViewCell.swift */; };
		456463E42574EA2700FB0A9E /* LowerImageTableViewCell.swift in Sources */ = {isa = PBXBuildFile; fileRef = 456463E32574EA2700FB0A9E /* LowerImageTableViewCell.swift */; };
		456463E72574EEB200FB0A9E /* TeamBallTableViewCell.swift in Sources */ = {isa = PBXBuildFile; fileRef = 456463E62574EEB200FB0A9E /* TeamBallTableViewCell.swift */; };
		45917E852588BD3700729176 /* UIColorExtension.swift in Sources */ = {isa = PBXBuildFile; fileRef = 45917E842588BD3700729176 /* UIColorExtension.swift */; };
		459E614025720E8C00C05266 /* DateTableViewCell.swift in Sources */ = {isa = PBXBuildFile; fileRef = 459E613F25720E8C00C05266 /* DateTableViewCell.swift */; };
		459E6144257210FA00C05266 /* LocationTableViewCell.swift in Sources */ = {isa = PBXBuildFile; fileRef = 459E6143257210FA00C05266 /* LocationTableViewCell.swift */; };
		459E6147257212DB00C05266 /* BallTableViewCell.swift in Sources */ = {isa = PBXBuildFile; fileRef = 459E6146257212DB00C05266 /* BallTableViewCell.swift */; };
		459E614A2572139B00C05266 /* NoteTableViewCell.swift in Sources */ = {isa = PBXBuildFile; fileRef = 459E61492572139B00C05266 /* NoteTableViewCell.swift */; };
		459E614D257285E400C05266 /* PriceTableViewCell.swift in Sources */ = {isa = PBXBuildFile; fileRef = 459E614C257285E400C05266 /* PriceTableViewCell.swift */; };
		459E6150257297F800C05266 /* ProfileViewController.swift in Sources */ = {isa = PBXBuildFile; fileRef = 459E614F257297F800C05266 /* ProfileViewController.swift */; };
		459E61802573F2A200C05266 /* TeamEditViewController.swift in Sources */ = {isa = PBXBuildFile; fileRef = 459E617F2573F2A200C05266 /* TeamEditViewController.swift */; };
		45AA84892574F9FB007E284E /* TeamNoteTableViewCell.swift in Sources */ = {isa = PBXBuildFile; fileRef = 45AA84882574F9FB007E284E /* TeamNoteTableViewCell.swift */; };
		45AA848C2574FFA7007E284E /* AddActiveViewController.swift in Sources */ = {isa = PBXBuildFile; fileRef = 45AA848B2574FFA7007E284E /* AddActiveViewController.swift */; };
		45B78B1025776A8600B0922B /* GoogleService-Info.plist in Resources */ = {isa = PBXBuildFile; fileRef = 45B78B0F25776A8600B0922B /* GoogleService-Info.plist */; };
		45B78B5E25779F1C00B0922B /* FireBaseManager.swift in Sources */ = {isa = PBXBuildFile; fileRef = 45B78B5D25779F1C00B0922B /* FireBaseManager.swift */; };
		45B78B812577E80B00B0922B /* TimeLineViewController.swift in Sources */ = {isa = PBXBuildFile; fileRef = 45B78B802577E80B00B0922B /* TimeLineViewController.swift */; };
		45B78BA92577FB8C00B0922B /* fake.swift in Sources */ = {isa = PBXBuildFile; fileRef = 45B78BA82577FB8C00B0922B /* fake.swift */; };
		45B78BCC2578737F00B0922B /* ModleData.swift in Sources */ = {isa = PBXBuildFile; fileRef = 45B78BCB2578737F00B0922B /* ModleData.swift */; };
		45B78BFB257A47A900B0922B /* Dictionary+Extension.swift in Sources */ = {isa = PBXBuildFile; fileRef = 45B78BFA257A47A900B0922B /* Dictionary+Extension.swift */; };
		45B78BFF257B41D500B0922B /* MapKit.framework in Frameworks */ = {isa = PBXBuildFile; fileRef = 45B78BFE257B41D500B0922B /* MapKit.framework */; };
		45B78C03257B488E00B0922B /* SignInViewController.swift in Sources */ = {isa = PBXBuildFile; fileRef = 45B78C02257B488E00B0922B /* SignInViewController.swift */; };
		45C98DBC259ACBF500172BAE /* PrivacyPolicyViewController.swift in Sources */ = {isa = PBXBuildFile; fileRef = 45C98DBB259ACBF500172BAE /* PrivacyPolicyViewController.swift */; };
		45CB4ECC257DBEB0008E48C3 /* TeamRatingViewController.swift in Sources */ = {isa = PBXBuildFile; fileRef = 45CB4ECB257DBEB0008E48C3 /* TeamRatingViewController.swift */; };
		45CB4ECF257DC002008E48C3 /* TeamRatingTableViewCell.swift in Sources */ = {isa = PBXBuildFile; fileRef = 45CB4ECE257DC002008E48C3 /* TeamRatingTableViewCell.swift */; };
		45D47DCB256CA7610098F799 /* AppDelegate.swift in Sources */ = {isa = PBXBuildFile; fileRef = 45D47DCA256CA7610098F799 /* AppDelegate.swift */; };
		45D47DCD256CA7610098F799 /* SceneDelegate.swift in Sources */ = {isa = PBXBuildFile; fileRef = 45D47DCC256CA7610098F799 /* SceneDelegate.swift */; };
		45D47DCF256CA7610098F799 /* ViewController.swift in Sources */ = {isa = PBXBuildFile; fileRef = 45D47DCE256CA7610098F799 /* ViewController.swift */; };
		45D47DD2256CA7610098F799 /* Main.storyboard in Resources */ = {isa = PBXBuildFile; fileRef = 45D47DD0256CA7610098F799 /* Main.storyboard */; };
		45D47DD7256CA7620098F799 /* LaunchScreen.storyboard in Resources */ = {isa = PBXBuildFile; fileRef = 45D47DD5256CA7620098F799 /* LaunchScreen.storyboard */; };
		45DAFA0F2595B7AA00F92E1D /* JoinMemberViewController.swift in Sources */ = {isa = PBXBuildFile; fileRef = 45DAFA0E2595B7AA00F92E1D /* JoinMemberViewController.swift */; };
		45DAFA122595C8D500F92E1D /* JoinMemberTableViewCell.swift in Sources */ = {isa = PBXBuildFile; fileRef = 45DAFA112595C8D500F92E1D /* JoinMemberTableViewCell.swift */; };
		45E97D32258BC2770047DF81 /* TeamManberViewController.swift in Sources */ = {isa = PBXBuildFile; fileRef = 45E97D31258BC2770047DF81 /* TeamManberViewController.swift */; };
		45E97D36258DA10F0047DF81 /* lottie-cat.json in Resources */ = {isa = PBXBuildFile; fileRef = 45E97D35258DA10F0047DF81 /* lottie-cat.json */; };
		45E97DC7258F22F70047DF81 /* HomePageCollectionViewCell.swift in Sources */ = {isa = PBXBuildFile; fileRef = 45E97DC6258F22F60047DF81 /* HomePageCollectionViewCell.swift */; };
		45EEE8942570F92E00ED6DB9 /* ImageCollectionViewCell.swift in Sources */ = {isa = PBXBuildFile; fileRef = 45EEE8932570F92E00ED6DB9 /* ImageCollectionViewCell.swift */; };
		45EEE8972571545500ED6DB9 /* TagTableViewCell.swift in Sources */ = {isa = PBXBuildFile; fileRef = 45EEE8962571545500ED6DB9 /* TagTableViewCell.swift */; };
		C59CA8489C4A8171CF151029 /* Pods_iBadminton.framework in Frameworks */ = {isa = PBXBuildFile; fileRef = 05FC7BC96BC0EC4A1657EE15 /* Pods_iBadminton.framework */; };
/* End PBXBuildFile section */

/* Begin PBXFileReference section */
		05FC7BC96BC0EC4A1657EE15 /* Pods_iBadminton.framework */ = {isa = PBXFileReference; explicitFileType = wrapper.framework; includeInIndex = 0; path = Pods_iBadminton.framework; sourceTree = BUILT_PRODUCTS_DIR; };
		38CF8DE9AE83D9E9375CCBD4 /* Pods-iBadminton.release.xcconfig */ = {isa = PBXFileReference; includeInIndex = 1; lastKnownFileType = text.xcconfig; name = "Pods-iBadminton.release.xcconfig"; path = "Target Support Files/Pods-iBadminton/Pods-iBadminton.release.xcconfig"; sourceTree = "<group>"; };
		4507FFD625809C780066CEDF /* TagCollectionViewCell.swift */ = {isa = PBXFileReference; lastKnownFileType = sourcecode.swift; path = TagCollectionViewCell.swift; sourceTree = "<group>"; };
		4507FFD92580E3200066CEDF /* TeamManberTableViewCell.swift */ = {isa = PBXFileReference; lastKnownFileType = sourcecode.swift; name = TeamManberTableViewCell.swift; path = iBadminton/ViewController/TeamManberTableViewCell.swift; sourceTree = SOURCE_ROOT; };
		4519F229258B6E5000425218 /* FirebaseStorageManager.swift */ = {isa = PBXFileReference; fileEncoding = 4; lastKnownFileType = sourcecode.swift; path = FirebaseStorageManager.swift; sourceTree = "<group>"; };
		4524B57C2570EAFB00BDE238 /* DetailViewController.swift */ = {isa = PBXFileReference; lastKnownFileType = sourcecode.swift; path = DetailViewController.swift; sourceTree = "<group>"; };
		4524B5942570F6E400BDE238 /* TitleTableViewCell.swift */ = {isa = PBXFileReference; lastKnownFileType = sourcecode.swift; path = TitleTableViewCell.swift; sourceTree = "<group>"; };
		4524B5972570F77100BDE238 /* ImageTableViewCell.swift */ = {isa = PBXFileReference; lastKnownFileType = sourcecode.swift; name = ImageTableViewCell.swift; path = iBadminton/ViewCell/DetailViewCell/ImageTableViewCell.swift; sourceTree = SOURCE_ROOT; };
		452D7F8E25870902005742A6 /* TeamCollectionViewCell.swift */ = {isa = PBXFileReference; lastKnownFileType = sourcecode.swift; path = TeamCollectionViewCell.swift; sourceTree = SOURCE_ROOT; };
		452D7F92258732C7005742A6 /* Assets.xcassets */ = {isa = PBXFileReference; lastKnownFileType = folder.assetcatalog; path = Assets.xcassets; sourceTree = "<group>"; };
		452D7F9525874393005742A6 /* TeamDetailViewController.swift */ = {isa = PBXFileReference; lastKnownFileType = sourcecode.swift; name = TeamDetailViewController.swift; path = iBadminton/TeamDetailViewController.swift; sourceTree = SOURCE_ROOT; };
		452D7F9825875DD6005742A6 /* CreateTeamViewController.swift */ = {isa = PBXFileReference; lastKnownFileType = sourcecode.swift; name = CreateTeamViewController.swift; path = iBadminton/CreateTeamViewController.swift; sourceTree = SOURCE_ROOT; };
		456463C82574911700FB0A9E /* InProfileViewController.swift */ = {isa = PBXFileReference; lastKnownFileType = sourcecode.swift; name = InProfileViewController.swift; path = iBadminton/InProfileViewController.swift; sourceTree = SOURCE_ROOT; };
		456463D02574DF0E00FB0A9E /* TeamViewController.swift */ = {isa = PBXFileReference; lastKnownFileType = sourcecode.swift; name = TeamViewController.swift; path = iBadminton/TeamViewController.swift; sourceTree = SOURCE_ROOT; };
		456463D92574E24300FB0A9E /* TeamTitleTableViewCell.swift */ = {isa = PBXFileReference; lastKnownFileType = sourcecode.swift; name = TeamTitleTableViewCell.swift; path = iBadminton/TeamTitleTableViewCell.swift; sourceTree = SOURCE_ROOT; };
		456463E02574E8C800FB0A9E /* UpperLayerImageTableViewCell.swift */ = {isa = PBXFileReference; lastKnownFileType = sourcecode.swift; name = UpperLayerImageTableViewCell.swift; path = iBadminton/ViewController/UpperLayerImageTableViewCell.swift; sourceTree = SOURCE_ROOT; };
		456463E32574EA2700FB0A9E /* LowerImageTableViewCell.swift */ = {isa = PBXFileReference; lastKnownFileType = sourcecode.swift; name = LowerImageTableViewCell.swift; path = iBadminton/LowerImageTableViewCell.swift; sourceTree = SOURCE_ROOT; };
		456463E62574EEB200FB0A9E /* TeamBallTableViewCell.swift */ = {isa = PBXFileReference; lastKnownFileType = sourcecode.swift; name = TeamBallTableViewCell.swift; path = iBadminton/TeamBallTableViewCell.swift; sourceTree = SOURCE_ROOT; };
		45917E842588BD3700729176 /* UIColorExtension.swift */ = {isa = PBXFileReference; lastKnownFileType = sourcecode.swift; path = UIColorExtension.swift; sourceTree = "<group>"; };
		459E613F25720E8C00C05266 /* DateTableViewCell.swift */ = {isa = PBXFileReference; lastKnownFileType = sourcecode.swift; name = DateTableViewCell.swift; path = iBadminton/DateTableViewCell.swift; sourceTree = SOURCE_ROOT; };
		459E6143257210FA00C05266 /* LocationTableViewCell.swift */ = {isa = PBXFileReference; lastKnownFileType = sourcecode.swift; path = LocationTableViewCell.swift; sourceTree = SOURCE_ROOT; };
		459E6146257212DB00C05266 /* BallTableViewCell.swift */ = {isa = PBXFileReference; lastKnownFileType = sourcecode.swift; name = BallTableViewCell.swift; path = iBadminton/BallTableViewCell.swift; sourceTree = SOURCE_ROOT; };
		459E61492572139B00C05266 /* NoteTableViewCell.swift */ = {isa = PBXFileReference; lastKnownFileType = sourcecode.swift; name = NoteTableViewCell.swift; path = iBadminton/ViewController/NoteTableViewCell.swift; sourceTree = SOURCE_ROOT; };
		459E614C257285E400C05266 /* PriceTableViewCell.swift */ = {isa = PBXFileReference; lastKnownFileType = sourcecode.swift; name = PriceTableViewCell.swift; path = iBadminton/PriceTableViewCell.swift; sourceTree = SOURCE_ROOT; };
		459E614F257297F800C05266 /* ProfileViewController.swift */ = {isa = PBXFileReference; lastKnownFileType = sourcecode.swift; name = ProfileViewController.swift; path = iBadminton/ProfileViewController.swift; sourceTree = SOURCE_ROOT; };
		459E617F2573F2A200C05266 /* TeamEditViewController.swift */ = {isa = PBXFileReference; lastKnownFileType = sourcecode.swift; name = TeamEditViewController.swift; path = iBadminton/TeamEditViewController.swift; sourceTree = SOURCE_ROOT; };
		45AA84882574F9FB007E284E /* TeamNoteTableViewCell.swift */ = {isa = PBXFileReference; lastKnownFileType = sourcecode.swift; name = TeamNoteTableViewCell.swift; path = iBadminton/TeamNoteTableViewCell.swift; sourceTree = SOURCE_ROOT; };
		45AA848B2574FFA7007E284E /* AddActiveViewController.swift */ = {isa = PBXFileReference; lastKnownFileType = sourcecode.swift; path = AddActiveViewController.swift; sourceTree = "<group>"; };
		45B78B0F25776A8600B0922B /* GoogleService-Info.plist */ = {isa = PBXFileReference; fileEncoding = 4; lastKnownFileType = text.plist.xml; path = "GoogleService-Info.plist"; sourceTree = "<group>"; };
		45B78B5D25779F1C00B0922B /* FireBaseManager.swift */ = {isa = PBXFileReference; lastKnownFileType = sourcecode.swift; path = FireBaseManager.swift; sourceTree = "<group>"; };
		45B78B802577E80B00B0922B /* TimeLineViewController.swift */ = {isa = PBXFileReference; lastKnownFileType = sourcecode.swift; name = TimeLineViewController.swift; path = iBadminton/TimeLineViewController.swift; sourceTree = SOURCE_ROOT; };
		45B78BA82577FB8C00B0922B /* fake.swift */ = {isa = PBXFileReference; lastKnownFileType = sourcecode.swift; name = fake.swift; path = ViewController/fake.swift; sourceTree = "<group>"; };
		45B78BCB2578737F00B0922B /* ModleData.swift */ = {isa = PBXFileReference; lastKnownFileType = sourcecode.swift; name = ModleData.swift; path = ViewController/ModleData.swift; sourceTree = "<group>"; };
		45B78BFA257A47A900B0922B /* Dictionary+Extension.swift */ = {isa = PBXFileReference; lastKnownFileType = sourcecode.swift; path = "Dictionary+Extension.swift"; sourceTree = "<group>"; };
		45B78BFE257B41D500B0922B /* MapKit.framework */ = {isa = PBXFileReference; lastKnownFileType = wrapper.framework; name = MapKit.framework; path = System/Library/Frameworks/MapKit.framework; sourceTree = SDKROOT; };
		45B78C00257B428A00B0922B /* iBadminton.entitlements */ = {isa = PBXFileReference; lastKnownFileType = text.plist.entitlements; path = iBadminton.entitlements; sourceTree = "<group>"; };
		45B78C02257B488E00B0922B /* SignInViewController.swift */ = {isa = PBXFileReference; lastKnownFileType = sourcecode.swift; name = SignInViewController.swift; path = iBadminton/SignInViewController.swift; sourceTree = SOURCE_ROOT; };
		45C98DBB259ACBF500172BAE /* PrivacyPolicyViewController.swift */ = {isa = PBXFileReference; lastKnownFileType = sourcecode.swift; name = PrivacyPolicyViewController.swift; path = iBadminton/PrivacyPolicyViewController.swift; sourceTree = SOURCE_ROOT; };
		45CB4ECB257DBEB0008E48C3 /* TeamRatingViewController.swift */ = {isa = PBXFileReference; lastKnownFileType = sourcecode.swift; name = TeamRatingViewController.swift; path = iBadminton/TeamRatingViewController.swift; sourceTree = SOURCE_ROOT; };
		45CB4ECE257DC002008E48C3 /* TeamRatingTableViewCell.swift */ = {isa = PBXFileReference; lastKnownFileType = sourcecode.swift; name = TeamRatingTableViewCell.swift; path = iBadminton/ViewCell/TeamRatingTableViewCell.swift; sourceTree = SOURCE_ROOT; };
		45D47DC7256CA7610098F799 /* iBadminton.app */ = {isa = PBXFileReference; explicitFileType = wrapper.application; includeInIndex = 0; path = iBadminton.app; sourceTree = BUILT_PRODUCTS_DIR; };
		45D47DCA256CA7610098F799 /* AppDelegate.swift */ = {isa = PBXFileReference; lastKnownFileType = sourcecode.swift; path = AppDelegate.swift; sourceTree = "<group>"; };
		45D47DCC256CA7610098F799 /* SceneDelegate.swift */ = {isa = PBXFileReference; lastKnownFileType = sourcecode.swift; path = SceneDelegate.swift; sourceTree = "<group>"; };
		45D47DCE256CA7610098F799 /* ViewController.swift */ = {isa = PBXFileReference; lastKnownFileType = sourcecode.swift; path = ViewController.swift; sourceTree = "<group>"; };
		45D47DD1256CA7610098F799 /* Base */ = {isa = PBXFileReference; lastKnownFileType = file.storyboard; name = Base; path = Base.lproj/Main.storyboard; sourceTree = "<group>"; };
		45D47DD6256CA7620098F799 /* Base */ = {isa = PBXFileReference; lastKnownFileType = file.storyboard; name = Base; path = Base.lproj/LaunchScreen.storyboard; sourceTree = "<group>"; };
		45D47DD8256CA7620098F799 /* Info.plist */ = {isa = PBXFileReference; lastKnownFileType = text.plist.xml; path = Info.plist; sourceTree = "<group>"; };
		45DAFA0E2595B7AA00F92E1D /* JoinMemberViewController.swift */ = {isa = PBXFileReference; lastKnownFileType = sourcecode.swift; name = JoinMemberViewController.swift; path = iBadminton/JoinMemberViewController.swift; sourceTree = SOURCE_ROOT; };
		45DAFA112595C8D500F92E1D /* JoinMemberTableViewCell.swift */ = {isa = PBXFileReference; lastKnownFileType = sourcecode.swift; name = JoinMemberTableViewCell.swift; path = iBadminton/ViewController/JoinMemberTableViewCell.swift; sourceTree = SOURCE_ROOT; };
		45E97D31258BC2770047DF81 /* TeamManberViewController.swift */ = {isa = PBXFileReference; lastKnownFileType = sourcecode.swift; name = TeamManberViewController.swift; path = iBadminton/TeamManberViewController.swift; sourceTree = SOURCE_ROOT; };
		45E97D35258DA10F0047DF81 /* lottie-cat.json */ = {isa = PBXFileReference; fileEncoding = 4; lastKnownFileType = text.json; path = "lottie-cat.json"; sourceTree = "<group>"; };
		45E97DC6258F22F60047DF81 /* HomePageCollectionViewCell.swift */ = {isa = PBXFileReference; lastKnownFileType = sourcecode.swift; path = HomePageCollectionViewCell.swift; sourceTree = "<group>"; };
		45EEE8932570F92E00ED6DB9 /* ImageCollectionViewCell.swift */ = {isa = PBXFileReference; lastKnownFileType = sourcecode.swift; path = ImageCollectionViewCell.swift; sourceTree = SOURCE_ROOT; };
		45EEE8962571545500ED6DB9 /* TagTableViewCell.swift */ = {isa = PBXFileReference; lastKnownFileType = sourcecode.swift; name = TagTableViewCell.swift; path = iBadminton/TagTableViewCell.swift; sourceTree = SOURCE_ROOT; };
		8037EAC60E5771658E98A3BB /* Pods-iBadminton.debug.xcconfig */ = {isa = PBXFileReference; includeInIndex = 1; lastKnownFileType = text.xcconfig; name = "Pods-iBadminton.debug.xcconfig"; path = "Target Support Files/Pods-iBadminton/Pods-iBadminton.debug.xcconfig"; sourceTree = "<group>"; };
/* End PBXFileReference section */

/* Begin PBXFrameworksBuildPhase section */
		45D47DC4256CA7610098F799 /* Frameworks */ = {
			isa = PBXFrameworksBuildPhase;
			buildActionMask = 2147483647;
			files = (
				45B78BFF257B41D500B0922B /* MapKit.framework in Frameworks */,
				C59CA8489C4A8171CF151029 /* Pods_iBadminton.framework in Frameworks */,
			);
			runOnlyForDeploymentPostprocessing = 0;
		};
/* End PBXFrameworksBuildPhase section */

/* Begin PBXGroup section */
		4519F22C258BBB3B00425218 /* Manager */ = {
			isa = PBXGroup;
			children = (
				45B78B5D25779F1C00B0922B /* FireBaseManager.swift */,
				4519F229258B6E5000425218 /* FirebaseStorageManager.swift */,
			);
			path = Manager;
			sourceTree = "<group>";
		};
		4524B57F2570EB6300BDE238 /* ViewController */ = {
			isa = PBXGroup;
			children = (
				45C98DBB259ACBF500172BAE /* PrivacyPolicyViewController.swift */,
				45DAFA0E2595B7AA00F92E1D /* JoinMemberViewController.swift */,
				45E97D31258BC2770047DF81 /* TeamManberViewController.swift */,
				452D7F9825875DD6005742A6 /* CreateTeamViewController.swift */,
				452D7F9525874393005742A6 /* TeamDetailViewController.swift */,
				45CB4ECB257DBEB0008E48C3 /* TeamRatingViewController.swift */,
				45B78C02257B488E00B0922B /* SignInViewController.swift */,
				45B78B802577E80B00B0922B /* TimeLineViewController.swift */,
				456463D02574DF0E00FB0A9E /* TeamViewController.swift */,
				45AA848B2574FFA7007E284E /* AddActiveViewController.swift */,
				459E617F2573F2A200C05266 /* TeamEditViewController.swift */,
				459E614F257297F800C05266 /* ProfileViewController.swift */,
				456463C82574911700FB0A9E /* InProfileViewController.swift */,
				45D47DCE256CA7610098F799 /* ViewController.swift */,
				4524B57C2570EAFB00BDE238 /* DetailViewController.swift */,
			);
			path = ViewController;
			sourceTree = "<group>";
		};
		4524B5802570EB8200BDE238 /* ViewCell */ = {
			isa = PBXGroup;
			children = (
				45DAFA112595C8D500F92E1D /* JoinMemberTableViewCell.swift */,
				452D7F8E25870902005742A6 /* TeamCollectionViewCell.swift */,
				45E97DC6258F22F60047DF81 /* HomePageCollectionViewCell.swift */,
				45CB4ECE257DC002008E48C3 /* TeamRatingTableViewCell.swift */,
				456463D32574E19800FB0A9E /* TeamViewCell */,
				4524B59A2570F77D00BDE238 /* DetailViewCell */,
			);
			path = ViewCell;
			sourceTree = "<group>";
		};
		4524B59A2570F77D00BDE238 /* DetailViewCell */ = {
			isa = PBXGroup;
			children = (
				459E614C257285E400C05266 /* PriceTableViewCell.swift */,
				459E61492572139B00C05266 /* NoteTableViewCell.swift */,
				459E6146257212DB00C05266 /* BallTableViewCell.swift */,
				459E6143257210FA00C05266 /* LocationTableViewCell.swift */,
				459E613F25720E8C00C05266 /* DateTableViewCell.swift */,
				45EEE8932570F92E00ED6DB9 /* ImageCollectionViewCell.swift */,
				4524B5972570F77100BDE238 /* ImageTableViewCell.swift */,
				4524B5942570F6E400BDE238 /* TitleTableViewCell.swift */,
				45EEE8962571545500ED6DB9 /* TagTableViewCell.swift */,
				4507FFD625809C780066CEDF /* TagCollectionViewCell.swift */,
			);
			path = DetailViewCell;
			sourceTree = "<group>";
		};
		456463D32574E19800FB0A9E /* TeamViewCell */ = {
			isa = PBXGroup;
			children = (
				4507FFD92580E3200066CEDF /* TeamManberTableViewCell.swift */,
				45AA84882574F9FB007E284E /* TeamNoteTableViewCell.swift */,
				456463E62574EEB200FB0A9E /* TeamBallTableViewCell.swift */,
				456463E32574EA2700FB0A9E /* LowerImageTableViewCell.swift */,
				456463E02574E8C800FB0A9E /* UpperLayerImageTableViewCell.swift */,
				456463D92574E24300FB0A9E /* TeamTitleTableViewCell.swift */,
			);
			path = TeamViewCell;
			sourceTree = "<group>";
		};
		45917E872588BD3B00729176 /* Extension */ = {
			isa = PBXGroup;
			children = (
				45917E842588BD3700729176 /* UIColorExtension.swift */,
				45B78BFA257A47A900B0922B /* Dictionary+Extension.swift */,
			);
			path = Extension;
			sourceTree = "<group>";
		};
		45D47DBE256CA7600098F799 = {
			isa = PBXGroup;
			children = (
				45D47DC9256CA7610098F799 /* iBadminton */,
				45D47DC8256CA7610098F799 /* Products */,
				5CB241FAF94A8C4483C1A45D /* Pods */,
				F95D6B8B057B08F90F92D82A /* Frameworks */,
			);
			sourceTree = "<group>";
		};
		45D47DC8256CA7610098F799 /* Products */ = {
			isa = PBXGroup;
			children = (
				45D47DC7256CA7610098F799 /* iBadminton.app */,
			);
			name = Products;
			sourceTree = "<group>";
		};
		45D47DC9256CA7610098F799 /* iBadminton */ = {
			isa = PBXGroup;
			children = (
				45917E872588BD3B00729176 /* Extension */,
				4519F22C258BBB3B00425218 /* Manager */,
				452D7F92258732C7005742A6 /* Assets.xcassets */,
				45B78C00257B428A00B0922B /* iBadminton.entitlements */,
				45E97D35258DA10F0047DF81 /* lottie-cat.json */,
				45B78BCB2578737F00B0922B /* ModleData.swift */,
				45B78BA82577FB8C00B0922B /* fake.swift */,
				45D47DCA256CA7610098F799 /* AppDelegate.swift */,
				45D47DCC256CA7610098F799 /* SceneDelegate.swift */,
				45D47DD0256CA7610098F799 /* Main.storyboard */,
				4524B57F2570EB6300BDE238 /* ViewController */,
				4524B5802570EB8200BDE238 /* ViewCell */,
				45D47DD5256CA7620098F799 /* LaunchScreen.storyboard */,
				45D47DD8256CA7620098F799 /* Info.plist */,
				45B78B0F25776A8600B0922B /* GoogleService-Info.plist */,
			);
			path = iBadminton;
			sourceTree = "<group>";
		};
		5CB241FAF94A8C4483C1A45D /* Pods */ = {
			isa = PBXGroup;
			children = (
				8037EAC60E5771658E98A3BB /* Pods-iBadminton.debug.xcconfig */,
				38CF8DE9AE83D9E9375CCBD4 /* Pods-iBadminton.release.xcconfig */,
			);
			path = Pods;
			sourceTree = "<group>";
		};
		F95D6B8B057B08F90F92D82A /* Frameworks */ = {
			isa = PBXGroup;
			children = (
				45B78BFE257B41D500B0922B /* MapKit.framework */,
				05FC7BC96BC0EC4A1657EE15 /* Pods_iBadminton.framework */,
			);
			name = Frameworks;
			sourceTree = "<group>";
		};
/* End PBXGroup section */

/* Begin PBXNativeTarget section */
		45D47DC6256CA7610098F799 /* iBadminton */ = {
			isa = PBXNativeTarget;
			buildConfigurationList = 45D47DDB256CA7620098F799 /* Build configuration list for PBXNativeTarget "iBadminton" */;
			buildPhases = (
				84B822873D6EF07AE0C63CA2 /* [CP] Check Pods Manifest.lock */,
				45D47DC3256CA7610098F799 /* Sources */,
				45D47DC4256CA7610098F799 /* Frameworks */,
				45D47DC5256CA7610098F799 /* Resources */,
				A235E0C9FBC4FEF83F01C269 /* [CP] Embed Pods Frameworks */,
				453B5B9E256E51AF00DF67CC /* SwiftLint */,
				45C98E13259B07FA00172BAE /* FirebaseCrashlytics */,
			);
			buildRules = (
			);
			dependencies = (
			);
			name = iBadminton;
			packageProductDependencies = (
			);
			productName = iBadminton;
			productReference = 45D47DC7256CA7610098F799 /* iBadminton.app */;
			productType = "com.apple.product-type.application";
		};
/* End PBXNativeTarget section */

/* Begin PBXProject section */
		45D47DBF256CA7600098F799 /* Project object */ = {
			isa = PBXProject;
			attributes = {
				LastSwiftUpdateCheck = 1220;
				LastUpgradeCheck = 1220;
				TargetAttributes = {
					45D47DC6256CA7610098F799 = {
						CreatedOnToolsVersion = 12.2;
					};
				};
			};
			buildConfigurationList = 45D47DC2256CA7600098F799 /* Build configuration list for PBXProject "iBadminton" */;
			compatibilityVersion = "Xcode 9.3";
			developmentRegion = en;
			hasScannedForEncodings = 0;
			knownRegions = (
				en,
				Base,
			);
			mainGroup = 45D47DBE256CA7600098F799;
			packageReferences = (
			);
			productRefGroup = 45D47DC8256CA7610098F799 /* Products */;
			projectDirPath = "";
			projectRoot = "";
			targets = (
				45D47DC6256CA7610098F799 /* iBadminton */,
			);
		};
/* End PBXProject section */

/* Begin PBXResourcesBuildPhase section */
		45D47DC5256CA7610098F799 /* Resources */ = {
			isa = PBXResourcesBuildPhase;
			buildActionMask = 2147483647;
			files = (
				45D47DD7256CA7620098F799 /* LaunchScreen.storyboard in Resources */,
				45B78B1025776A8600B0922B /* GoogleService-Info.plist in Resources */,
				452D7F93258732C8005742A6 /* Assets.xcassets in Resources */,
				45E97D36258DA10F0047DF81 /* lottie-cat.json in Resources */,
				45D47DD2256CA7610098F799 /* Main.storyboard in Resources */,
			);
			runOnlyForDeploymentPostprocessing = 0;
		};
/* End PBXResourcesBuildPhase section */

/* Begin PBXShellScriptBuildPhase section */
		453B5B9E256E51AF00DF67CC /* SwiftLint */ = {
			isa = PBXShellScriptBuildPhase;
			buildActionMask = 2147483647;
			files = (
			);
			inputFileListPaths = (
			);
			inputPaths = (
			);
			name = SwiftLint;
			outputFileListPaths = (
			);
			outputPaths = (
			);
			runOnlyForDeploymentPostprocessing = 0;
			shellPath = /bin/sh;
			shellScript = "\"${PODS_ROOT}/SwiftLint/swiftlint\"\n";
		};
		45C98E13259B07FA00172BAE /* FirebaseCrashlytics */ = {
			isa = PBXShellScriptBuildPhase;
			buildActionMask = 2147483647;
			files = (
			);
			inputFileListPaths = (
			);
			inputPaths = (
				"${DWARF_DSYM_FOLDER_PATH}/${DWARF_DSYM_FILE_NAME}/Contents/Resources/DWARF/${TARGET_NAME}",
				"$(SRCROOT)/$(BUILT_PRODUCTS_DIR)/$(INFOPLIST_PATH)",
			);
			name = FirebaseCrashlytics;
			outputFileListPaths = (
			);
			outputPaths = (
			);
			runOnlyForDeploymentPostprocessing = 0;
			shellPath = /bin/sh;
			shellScript = "\"${PODS_ROOT}/FirebaseCrashlytics/run\"\n";
		};
		84B822873D6EF07AE0C63CA2 /* [CP] Check Pods Manifest.lock */ = {
			isa = PBXShellScriptBuildPhase;
			buildActionMask = 2147483647;
			files = (
			);
			inputFileListPaths = (
			);
			inputPaths = (
				"${PODS_PODFILE_DIR_PATH}/Podfile.lock",
				"${PODS_ROOT}/Manifest.lock",
			);
			name = "[CP] Check Pods Manifest.lock";
			outputFileListPaths = (
			);
			outputPaths = (
				"$(DERIVED_FILE_DIR)/Pods-iBadminton-checkManifestLockResult.txt",
			);
			runOnlyForDeploymentPostprocessing = 0;
			shellPath = /bin/sh;
			shellScript = "diff \"${PODS_PODFILE_DIR_PATH}/Podfile.lock\" \"${PODS_ROOT}/Manifest.lock\" > /dev/null\nif [ $? != 0 ] ; then\n    # print error to STDERR\n    echo \"error: The sandbox is not in sync with the Podfile.lock. Run 'pod install' or update your CocoaPods installation.\" >&2\n    exit 1\nfi\n# This output is used by Xcode 'outputs' to avoid re-running this script phase.\necho \"SUCCESS\" > \"${SCRIPT_OUTPUT_FILE_0}\"\n";
			showEnvVarsInLog = 0;
		};
		A235E0C9FBC4FEF83F01C269 /* [CP] Embed Pods Frameworks */ = {
			isa = PBXShellScriptBuildPhase;
			buildActionMask = 2147483647;
			files = (
			);
			inputFileListPaths = (
				"${PODS_ROOT}/Target Support Files/Pods-iBadminton/Pods-iBadminton-frameworks-${CONFIGURATION}-input-files.xcfilelist",
			);
			name = "[CP] Embed Pods Frameworks";
			outputFileListPaths = (
				"${PODS_ROOT}/Target Support Files/Pods-iBadminton/Pods-iBadminton-frameworks-${CONFIGURATION}-output-files.xcfilelist",
			);
			runOnlyForDeploymentPostprocessing = 0;
			shellPath = /bin/sh;
			shellScript = "\"${PODS_ROOT}/Target Support Files/Pods-iBadminton/Pods-iBadminton-frameworks.sh\"\n";
			showEnvVarsInLog = 0;
		};
/* End PBXShellScriptBuildPhase section */

/* Begin PBXSourcesBuildPhase section */
		45D47DC3256CA7610098F799 /* Sources */ = {
			isa = PBXSourcesBuildPhase;
			buildActionMask = 2147483647;
			files = (
				456463E12574E8C800FB0A9E /* UpperLayerImageTableViewCell.swift in Sources */,
				4524B5952570F6E400BDE238 /* TitleTableViewCell.swift in Sources */,
				4507FFDA2580E3200066CEDF /* TeamManberTableViewCell.swift in Sources */,
				45B78BCC2578737F00B0922B /* ModleData.swift in Sources */,
				45CB4ECC257DBEB0008E48C3 /* TeamRatingViewController.swift in Sources */,
				45D47DCF256CA7610098F799 /* ViewController.swift in Sources */,
				456463E42574EA2700FB0A9E /* LowerImageTableViewCell.swift in Sources */,
				459E614025720E8C00C05266 /* DateTableViewCell.swift in Sources */,
				452D7F8F25870902005742A6 /* TeamCollectionViewCell.swift in Sources */,
				459E61802573F2A200C05266 /* TeamEditViewController.swift in Sources */,
				452D7F9925875DD6005742A6 /* CreateTeamViewController.swift in Sources */,
				456463C92574911700FB0A9E /* InProfileViewController.swift in Sources */,
				4524B5982570F77100BDE238 /* ImageTableViewCell.swift in Sources */,
				45B78B812577E80B00B0922B /* TimeLineViewController.swift in Sources */,
				459E6144257210FA00C05266 /* LocationTableViewCell.swift in Sources */,
				45B78BA92577FB8C00B0922B /* fake.swift in Sources */,
				45AA848C2574FFA7007E284E /* AddActiveViewController.swift in Sources */,
				456463E72574EEB200FB0A9E /* TeamBallTableViewCell.swift in Sources */,
				45DAFA122595C8D500F92E1D /* JoinMemberTableViewCell.swift in Sources */,
				456463D12574DF0E00FB0A9E /* TeamViewController.swift in Sources */,
				45B78B5E25779F1C00B0922B /* FireBaseManager.swift in Sources */,
				45AA84892574F9FB007E284E /* TeamNoteTableViewCell.swift in Sources */,
				459E6150257297F800C05266 /* ProfileViewController.swift in Sources */,
				45C98DBC259ACBF500172BAE /* PrivacyPolicyViewController.swift in Sources */,
				452D7F9625874393005742A6 /* TeamDetailViewController.swift in Sources */,
				45D47DCB256CA7610098F799 /* AppDelegate.swift in Sources */,
				45E97D32258BC2770047DF81 /* TeamManberViewController.swift in Sources */,
				459E614A2572139B00C05266 /* NoteTableViewCell.swift in Sources */,
				459E614D257285E400C05266 /* PriceTableViewCell.swift in Sources */,
				45EEE8972571545500ED6DB9 /* TagTableViewCell.swift in Sources */,
				45EEE8942570F92E00ED6DB9 /* ImageCollectionViewCell.swift in Sources */,
				45E97DC7258F22F70047DF81 /* HomePageCollectionViewCell.swift in Sources */,
				45B78C03257B488E00B0922B /* SignInViewController.swift in Sources */,
				459E6147257212DB00C05266 /* BallTableViewCell.swift in Sources */,
				45DAFA0F2595B7AA00F92E1D /* JoinMemberViewController.swift in Sources */,
				4519F22A258B6E5100425218 /* FirebaseStorageManager.swift in Sources */,
				45917E852588BD3700729176 /* UIColorExtension.swift in Sources */,
				45D47DCD256CA7610098F799 /* SceneDelegate.swift in Sources */,
				45CB4ECF257DC002008E48C3 /* TeamRatingTableViewCell.swift in Sources */,
				456463DA2574E24300FB0A9E /* TeamTitleTableViewCell.swift in Sources */,
				4507FFD725809C780066CEDF /* TagCollectionViewCell.swift in Sources */,
				4524B57D2570EAFB00BDE238 /* DetailViewController.swift in Sources */,
				45B78BFB257A47A900B0922B /* Dictionary+Extension.swift in Sources */,
			);
			runOnlyForDeploymentPostprocessing = 0;
		};
/* End PBXSourcesBuildPhase section */

/* Begin PBXVariantGroup section */
		45D47DD0256CA7610098F799 /* Main.storyboard */ = {
			isa = PBXVariantGroup;
			children = (
				45D47DD1256CA7610098F799 /* Base */,
			);
			name = Main.storyboard;
			sourceTree = "<group>";
		};
		45D47DD5256CA7620098F799 /* LaunchScreen.storyboard */ = {
			isa = PBXVariantGroup;
			children = (
				45D47DD6256CA7620098F799 /* Base */,
			);
			name = LaunchScreen.storyboard;
			sourceTree = "<group>";
		};
/* End PBXVariantGroup section */

/* Begin XCBuildConfiguration section */
		45D47DD9256CA7620098F799 /* Debug */ = {
			isa = XCBuildConfiguration;
			buildSettings = {
				ALWAYS_SEARCH_USER_PATHS = NO;
				CLANG_ANALYZER_NONNULL = YES;
				CLANG_ANALYZER_NUMBER_OBJECT_CONVERSION = YES_AGGRESSIVE;
				CLANG_CXX_LANGUAGE_STANDARD = "gnu++14";
				CLANG_CXX_LIBRARY = "libc++";
				CLANG_ENABLE_MODULES = YES;
				CLANG_ENABLE_OBJC_ARC = YES;
				CLANG_ENABLE_OBJC_WEAK = YES;
				CLANG_WARN_BLOCK_CAPTURE_AUTORELEASING = YES;
				CLANG_WARN_BOOL_CONVERSION = YES;
				CLANG_WARN_COMMA = YES;
				CLANG_WARN_CONSTANT_CONVERSION = YES;
				CLANG_WARN_DEPRECATED_OBJC_IMPLEMENTATIONS = YES;
				CLANG_WARN_DIRECT_OBJC_ISA_USAGE = YES_ERROR;
				CLANG_WARN_DOCUMENTATION_COMMENTS = YES;
				CLANG_WARN_EMPTY_BODY = YES;
				CLANG_WARN_ENUM_CONVERSION = YES;
				CLANG_WARN_INFINITE_RECURSION = YES;
				CLANG_WARN_INT_CONVERSION = YES;
				CLANG_WARN_NON_LITERAL_NULL_CONVERSION = YES;
				CLANG_WARN_OBJC_IMPLICIT_RETAIN_SELF = YES;
				CLANG_WARN_OBJC_LITERAL_CONVERSION = YES;
				CLANG_WARN_OBJC_ROOT_CLASS = YES_ERROR;
				CLANG_WARN_QUOTED_INCLUDE_IN_FRAMEWORK_HEADER = YES;
				CLANG_WARN_RANGE_LOOP_ANALYSIS = YES;
				CLANG_WARN_STRICT_PROTOTYPES = YES;
				CLANG_WARN_SUSPICIOUS_MOVE = YES;
				CLANG_WARN_UNGUARDED_AVAILABILITY = YES_AGGRESSIVE;
				CLANG_WARN_UNREACHABLE_CODE = YES;
				CLANG_WARN__DUPLICATE_METHOD_MATCH = YES;
				COPY_PHASE_STRIP = NO;
				DEBUG_INFORMATION_FORMAT = dwarf;
				ENABLE_STRICT_OBJC_MSGSEND = YES;
				ENABLE_TESTABILITY = YES;
				GCC_C_LANGUAGE_STANDARD = gnu11;
				GCC_DYNAMIC_NO_PIC = NO;
				GCC_NO_COMMON_BLOCKS = YES;
				GCC_OPTIMIZATION_LEVEL = 0;
				GCC_PREPROCESSOR_DEFINITIONS = (
					"DEBUG=1",
					"$(inherited)",
				);
				GCC_WARN_64_TO_32_BIT_CONVERSION = YES;
				GCC_WARN_ABOUT_RETURN_TYPE = YES_ERROR;
				GCC_WARN_UNDECLARED_SELECTOR = YES;
				GCC_WARN_UNINITIALIZED_AUTOS = YES_AGGRESSIVE;
				GCC_WARN_UNUSED_FUNCTION = YES;
				GCC_WARN_UNUSED_VARIABLE = YES;
				IPHONEOS_DEPLOYMENT_TARGET = 12.0;
				MTL_ENABLE_DEBUG_INFO = INCLUDE_SOURCE;
				MTL_FAST_MATH = YES;
				ONLY_ACTIVE_ARCH = YES;
				SDKROOT = iphoneos;
				SWIFT_ACTIVE_COMPILATION_CONDITIONS = DEBUG;
				SWIFT_OPTIMIZATION_LEVEL = "-Onone";
			};
			name = Debug;
		};
		45D47DDA256CA7620098F799 /* Release */ = {
			isa = XCBuildConfiguration;
			buildSettings = {
				ALWAYS_SEARCH_USER_PATHS = NO;
				CLANG_ANALYZER_NONNULL = YES;
				CLANG_ANALYZER_NUMBER_OBJECT_CONVERSION = YES_AGGRESSIVE;
				CLANG_CXX_LANGUAGE_STANDARD = "gnu++14";
				CLANG_CXX_LIBRARY = "libc++";
				CLANG_ENABLE_MODULES = YES;
				CLANG_ENABLE_OBJC_ARC = YES;
				CLANG_ENABLE_OBJC_WEAK = YES;
				CLANG_WARN_BLOCK_CAPTURE_AUTORELEASING = YES;
				CLANG_WARN_BOOL_CONVERSION = YES;
				CLANG_WARN_COMMA = YES;
				CLANG_WARN_CONSTANT_CONVERSION = YES;
				CLANG_WARN_DEPRECATED_OBJC_IMPLEMENTATIONS = YES;
				CLANG_WARN_DIRECT_OBJC_ISA_USAGE = YES_ERROR;
				CLANG_WARN_DOCUMENTATION_COMMENTS = YES;
				CLANG_WARN_EMPTY_BODY = YES;
				CLANG_WARN_ENUM_CONVERSION = YES;
				CLANG_WARN_INFINITE_RECURSION = YES;
				CLANG_WARN_INT_CONVERSION = YES;
				CLANG_WARN_NON_LITERAL_NULL_CONVERSION = YES;
				CLANG_WARN_OBJC_IMPLICIT_RETAIN_SELF = YES;
				CLANG_WARN_OBJC_LITERAL_CONVERSION = YES;
				CLANG_WARN_OBJC_ROOT_CLASS = YES_ERROR;
				CLANG_WARN_QUOTED_INCLUDE_IN_FRAMEWORK_HEADER = YES;
				CLANG_WARN_RANGE_LOOP_ANALYSIS = YES;
				CLANG_WARN_STRICT_PROTOTYPES = YES;
				CLANG_WARN_SUSPICIOUS_MOVE = YES;
				CLANG_WARN_UNGUARDED_AVAILABILITY = YES_AGGRESSIVE;
				CLANG_WARN_UNREACHABLE_CODE = YES;
				CLANG_WARN__DUPLICATE_METHOD_MATCH = YES;
				COPY_PHASE_STRIP = NO;
				DEBUG_INFORMATION_FORMAT = "dwarf-with-dsym";
				ENABLE_NS_ASSERTIONS = NO;
				ENABLE_STRICT_OBJC_MSGSEND = YES;
				GCC_C_LANGUAGE_STANDARD = gnu11;
				GCC_NO_COMMON_BLOCKS = YES;
				GCC_WARN_64_TO_32_BIT_CONVERSION = YES;
				GCC_WARN_ABOUT_RETURN_TYPE = YES_ERROR;
				GCC_WARN_UNDECLARED_SELECTOR = YES;
				GCC_WARN_UNINITIALIZED_AUTOS = YES_AGGRESSIVE;
				GCC_WARN_UNUSED_FUNCTION = YES;
				GCC_WARN_UNUSED_VARIABLE = YES;
				IPHONEOS_DEPLOYMENT_TARGET = 12.0;
				MTL_ENABLE_DEBUG_INFO = NO;
				MTL_FAST_MATH = YES;
				SDKROOT = iphoneos;
				SWIFT_COMPILATION_MODE = wholemodule;
				SWIFT_OPTIMIZATION_LEVEL = "-O";
				VALIDATE_PRODUCT = YES;
			};
			name = Release;
		};
		45D47DDC256CA7620098F799 /* Debug */ = {
			isa = XCBuildConfiguration;
			baseConfigurationReference = 8037EAC60E5771658E98A3BB /* Pods-iBadminton.debug.xcconfig */;
			buildSettings = {
				ASSETCATALOG_COMPILER_APPICON_NAME = AppIcon;
				ASSETCATALOG_COMPILER_GLOBAL_ACCENT_COLOR_NAME = AccentColor;
				CODE_SIGN_ENTITLEMENTS = iBadminton/iBadminton.entitlements;
				CODE_SIGN_STYLE = Automatic;
				DEBUG_INFORMATION_FORMAT = "dwarf-with-dsym";
				DEVELOPMENT_TEAM = 97D8WZ992M;
				INFOPLIST_FILE = iBadminton/Info.plist;
				LD_RUNPATH_SEARCH_PATHS = (
					"$(inherited)",
					"@executable_path/Frameworks",
				);
				PRODUCT_BUNDLE_IDENTIFIER = com.max.iBadminton;
				PRODUCT_NAME = "$(TARGET_NAME)";
				SWIFT_VERSION = 5.0;
				TARGETED_DEVICE_FAMILY = 1;
			};
			name = Debug;
		};
		45D47DDD256CA7620098F799 /* Release */ = {
			isa = XCBuildConfiguration;
			baseConfigurationReference = 38CF8DE9AE83D9E9375CCBD4 /* Pods-iBadminton.release.xcconfig */;
			buildSettings = {
				ASSETCATALOG_COMPILER_APPICON_NAME = AppIcon;
				ASSETCATALOG_COMPILER_GLOBAL_ACCENT_COLOR_NAME = AccentColor;
				CODE_SIGN_ENTITLEMENTS = iBadminton/iBadminton.entitlements;
				CODE_SIGN_STYLE = Automatic;
				DEBUG_INFORMATION_FORMAT = dwarf;
				DEVELOPMENT_TEAM = 97D8WZ992M;
				INFOPLIST_FILE = iBadminton/Info.plist;
				LD_RUNPATH_SEARCH_PATHS = (
					"$(inherited)",
					"@executable_path/Frameworks",
				);
				PRODUCT_BUNDLE_IDENTIFIER = com.max.iBadminton;
				PRODUCT_NAME = "$(TARGET_NAME)";
				SWIFT_VERSION = 5.0;
				TARGETED_DEVICE_FAMILY = 1;
			};
			name = Release;
		};
/* End XCBuildConfiguration section */

/* Begin XCConfigurationList section */
		45D47DC2256CA7600098F799 /* Build configuration list for PBXProject "iBadminton" */ = {
			isa = XCConfigurationList;
			buildConfigurations = (
				45D47DD9256CA7620098F799 /* Debug */,
				45D47DDA256CA7620098F799 /* Release */,
			);
			defaultConfigurationIsVisible = 0;
			defaultConfigurationName = Release;
		};
		45D47DDB256CA7620098F799 /* Build configuration list for PBXNativeTarget "iBadminton" */ = {
			isa = XCConfigurationList;
			buildConfigurations = (
				45D47DDC256CA7620098F799 /* Debug */,
				45D47DDD256CA7620098F799 /* Release */,
			);
			defaultConfigurationIsVisible = 0;
			defaultConfigurationName = Release;
		};
/* End XCConfigurationList section */
	};
	rootObject = 45D47DBF256CA7600098F799 /* Project object */;
}
